Microsoft Visual Studio Solution File, Format Version 12.00
# Visual Studio 15
VisualStudioVersion = 15.0.27004.2009
MinimumVisualStudioVersion = 15.0.26124.0
Project("{9A19103F-16F7-4668-BE54-9A1E7A4F7556}") = "TestConsole", "TestConsole\TestConsole.csproj", "{0C82B0CC-4067-4B97-ACB8-251FCD728811}"
EndProject
Project("{9A19103F-16F7-4668-BE54-9A1E7A4F7556}") = "TestOpusEncode", "TestOpusEncode\TestOpusEncode.csproj", "{4DBC81E8-142D-4F6B-B81B-AE2BE9C68EFE}"
EndProject
Project("{9A19103F-16F7-4668-BE54-9A1E7A4F7556}") = "ParityTest", "ParityTest\ParityTest.csproj", "{97E396BB-2BE1-4E3C-B586-45420D3673F0}"
EndProject
Project("{FAE04EC0-301F-11D3-BF4B-00C04F79EFBC}") = "ConcentusDemo", "ConcentusDemo\ConcentusDemo.csproj", "{90780EC0-60C7-4AAE-BB99-DF85A145779B}"
EndProject
Project("{9A19103F-16F7-4668-BE54-9A1E7A4F7556}") = "UnitTests", "UnitTests\UnitTests.csproj", "{1D04DD91-BAE7-455F-AF38-72C96E97F6EC}"
EndProject
Project("{9A19103F-16F7-4668-BE54-9A1E7A4F7556}") = "Concentus", "Concentus\Concentus.csproj", "{0C166826-ACF0-4232-AC42-0899B06908C3}"
EndProject
Project("{9A19103F-16F7-4668-BE54-9A1E7A4F7556}") = "Concentus.Unsafe", "Concentus.Unsafe\Concentus.Unsafe.csproj", "{970A1CD9-C1D9-4A8D-99C4-C958A4C15591}"
EndProject
Global
	GlobalSection(SolutionConfigurationPlatforms) = preSolution
		Debug|Any CPU = Debug|Any CPU
		Debug|x64 = Debug|x64
		Debug|x86 = Debug|x86
		Release|Any CPU = Release|Any CPU
		Release|x64 = Release|x64
		Release|x86 = Release|x86
	EndGlobalSection
	GlobalSection(ProjectConfigurationPlatforms) = postSolution
		{0C82B0CC-4067-4B97-ACB8-251FCD728811}.Debug|Any CPU.ActiveCfg = Debug|Any CPU
		{0C82B0CC-4067-4B97-ACB8-251FCD728811}.Debug|Any CPU.Build.0 = Debug|Any CPU
		{0C82B0CC-4067-4B97-ACB8-251FCD728811}.Debug|x64.ActiveCfg = Debug|Any CPU
		{0C82B0CC-4067-4B97-ACB8-251FCD728811}.Debug|x64.Build.0 = Debug|Any CPU
		{0C82B0CC-4067-4B97-ACB8-251FCD728811}.Debug|x86.ActiveCfg = Debug|Any CPU
		{0C82B0CC-4067-4B97-ACB8-251FCD728811}.Debug|x86.Build.0 = Debug|Any CPU
		{0C82B0CC-4067-4B97-ACB8-251FCD728811}.Release|Any CPU.ActiveCfg = Release|Any CPU
		{0C82B0CC-4067-4B97-ACB8-251FCD728811}.Release|Any CPU.Build.0 = Release|Any CPU
		{0C82B0CC-4067-4B97-ACB8-251FCD728811}.Release|x64.ActiveCfg = Release|Any CPU
		{0C82B0CC-4067-4B97-ACB8-251FCD728811}.Release|x64.Build.0 = Release|Any CPU
		{0C82B0CC-4067-4B97-ACB8-251FCD728811}.Release|x86.ActiveCfg = Release|Any CPU
		{0C82B0CC-4067-4B97-ACB8-251FCD728811}.Release|x86.Build.0 = Release|Any CPU
		{4DBC81E8-142D-4F6B-B81B-AE2BE9C68EFE}.Debug|Any CPU.ActiveCfg = Debug|Any CPU
		{4DBC81E8-142D-4F6B-B81B-AE2BE9C68EFE}.Debug|Any CPU.Build.0 = Debug|Any CPU
		{4DBC81E8-142D-4F6B-B81B-AE2BE9C68EFE}.Debug|x64.ActiveCfg = Debug|Any CPU
		{4DBC81E8-142D-4F6B-B81B-AE2BE9C68EFE}.Debug|x64.Build.0 = Debug|Any CPU
		{4DBC81E8-142D-4F6B-B81B-AE2BE9C68EFE}.Debug|x86.ActiveCfg = Debug|Any CPU
		{4DBC81E8-142D-4F6B-B81B-AE2BE9C68EFE}.Debug|x86.Build.0 = Debug|Any CPU
		{4DBC81E8-142D-4F6B-B81B-AE2BE9C68EFE}.Release|Any CPU.ActiveCfg = Release|Any CPU
		{4DBC81E8-142D-4F6B-B81B-AE2BE9C68EFE}.Release|Any CPU.Build.0 = Release|Any CPU
		{4DBC81E8-142D-4F6B-B81B-AE2BE9C68EFE}.Release|x64.ActiveCfg = Release|Any CPU
		{4DBC81E8-142D-4F6B-B81B-AE2BE9C68EFE}.Release|x64.Build.0 = Release|Any CPU
		{4DBC81E8-142D-4F6B-B81B-AE2BE9C68EFE}.Release|x86.ActiveCfg = Release|Any CPU
		{4DBC81E8-142D-4F6B-B81B-AE2BE9C68EFE}.Release|x86.Build.0 = Release|Any CPU
		{97E396BB-2BE1-4E3C-B586-45420D3673F0}.Debug|Any CPU.ActiveCfg = Debug|Any CPU
		{97E396BB-2BE1-4E3C-B586-45420D3673F0}.Debug|Any CPU.Build.0 = Debug|Any CPU
		{97E396BB-2BE1-4E3C-B586-45420D3673F0}.Debug|x64.ActiveCfg = Debug|Any CPU
		{97E396BB-2BE1-4E3C-B586-45420D3673F0}.Debug|x64.Build.0 = Debug|Any CPU
		{97E396BB-2BE1-4E3C-B586-45420D3673F0}.Debug|x86.ActiveCfg = Debug|Any CPU
		{97E396BB-2BE1-4E3C-B586-45420D3673F0}.Debug|x86.Build.0 = Debug|Any CPU
		{97E396BB-2BE1-4E3C-B586-45420D3673F0}.Release|Any CPU.ActiveCfg = Release|Any CPU
		{97E396BB-2BE1-4E3C-B586-45420D3673F0}.Release|Any CPU.Build.0 = Release|Any CPU
		{97E396BB-2BE1-4E3C-B586-45420D3673F0}.Release|x64.ActiveCfg = Release|Any CPU
		{97E396BB-2BE1-4E3C-B586-45420D3673F0}.Release|x64.Build.0 = Release|Any CPU
		{97E396BB-2BE1-4E3C-B586-45420D3673F0}.Release|x86.ActiveCfg = Release|Any CPU
		{97E396BB-2BE1-4E3C-B586-45420D3673F0}.Release|x86.Build.0 = Release|Any CPU
		{90780EC0-60C7-4AAE-BB99-DF85A145779B}.Debug|Any CPU.ActiveCfg = Debug|Any CPU
		{90780EC0-60C7-4AAE-BB99-DF85A145779B}.Debug|Any CPU.Build.0 = Debug|Any CPU
		{90780EC0-60C7-4AAE-BB99-DF85A145779B}.Debug|x64.ActiveCfg = Debug|Any CPU
		{90780EC0-60C7-4AAE-BB99-DF85A145779B}.Debug|x64.Build.0 = Debug|Any CPU
		{90780EC0-60C7-4AAE-BB99-DF85A145779B}.Debug|x86.ActiveCfg = Debug|Any CPU
		{90780EC0-60C7-4AAE-BB99-DF85A145779B}.Debug|x86.Build.0 = Debug|Any CPU
		{90780EC0-60C7-4AAE-BB99-DF85A145779B}.Release|Any CPU.ActiveCfg = Release|Any CPU
		{90780EC0-60C7-4AAE-BB99-DF85A145779B}.Release|Any CPU.Build.0 = Release|Any CPU
		{90780EC0-60C7-4AAE-BB99-DF85A145779B}.Release|x64.ActiveCfg = Release|Any CPU
		{90780EC0-60C7-4AAE-BB99-DF85A145779B}.Release|x64.Build.0 = Release|Any CPU
		{90780EC0-60C7-4AAE-BB99-DF85A145779B}.Release|x86.ActiveCfg = Release|Any CPU
		{90780EC0-60C7-4AAE-BB99-DF85A145779B}.Release|x86.Build.0 = Release|Any CPU
		{1D04DD91-BAE7-455F-AF38-72C96E97F6EC}.Debug|Any CPU.ActiveCfg = Debug|Any CPU
		{1D04DD91-BAE7-455F-AF38-72C96E97F6EC}.Debug|Any CPU.Build.0 = Debug|Any CPU
		{1D04DD91-BAE7-455F-AF38-72C96E97F6EC}.Debug|x64.ActiveCfg = Debug|Any CPU
		{1D04DD91-BAE7-455F-AF38-72C96E97F6EC}.Debug|x64.Build.0 = Debug|Any CPU
		{1D04DD91-BAE7-455F-AF38-72C96E97F6EC}.Debug|x86.ActiveCfg = Debug|Any CPU
		{1D04DD91-BAE7-455F-AF38-72C96E97F6EC}.Debug|x86.Build.0 = Debug|Any CPU
		{1D04DD91-BAE7-455F-AF38-72C96E97F6EC}.Release|Any CPU.ActiveCfg = Release|Any CPU
		{1D04DD91-BAE7-455F-AF38-72C96E97F6EC}.Release|Any CPU.Build.0 = Release|Any CPU
		{1D04DD91-BAE7-455F-AF38-72C96E97F6EC}.Release|x64.ActiveCfg = Release|Any CPU
		{1D04DD91-BAE7-455F-AF38-72C96E97F6EC}.Release|x64.Build.0 = Release|Any CPU
		{1D04DD91-BAE7-455F-AF38-72C96E97F6EC}.Release|x86.ActiveCfg = Release|Any CPU
		{1D04DD91-BAE7-455F-AF38-72C96E97F6EC}.Release|x86.Build.0 = Release|Any CPU
		{0C166826-ACF0-4232-AC42-0899B06908C3}.Debug|Any CPU.ActiveCfg = Debug|Any CPU
		{0C166826-ACF0-4232-AC42-0899B06908C3}.Debug|Any CPU.Build.0 = Debug|Any CPU
		{0C166826-ACF0-4232-AC42-0899B06908C3}.Debug|x64.ActiveCfg = Debug|Any CPU
		{0C166826-ACF0-4232-AC42-0899B06908C3}.Debug|x64.Build.0 = Debug|Any CPU
		{0C166826-ACF0-4232-AC42-0899B06908C3}.Debug|x86.ActiveCfg = Debug|Any CPU
		{0C166826-ACF0-4232-AC42-0899B06908C3}.Debug|x86.Build.0 = Debug|Any CPU
		{0C166826-ACF0-4232-AC42-0899B06908C3}.Release|Any CPU.ActiveCfg = Release|Any CPU
		{0C166826-ACF0-4232-AC42-0899B06908C3}.Release|Any CPU.Build.0 = Release|Any CPU
		{0C166826-ACF0-4232-AC42-0899B06908C3}.Release|x64.ActiveCfg = Release|Any CPU
		{0C166826-ACF0-4232-AC42-0899B06908C3}.Release|x64.Build.0 = Release|Any CPU
		{0C166826-ACF0-4232-AC42-0899B06908C3}.Release|x86.ActiveCfg = Release|Any CPU
		{0C166826-ACF0-4232-AC42-0899B06908C3}.Release|x86.Build.0 = Release|Any CPU
		{970A1CD9-C1D9-4A8D-99C4-C958A4C15591}.Debug|Any CPU.ActiveCfg = Debug|Any CPU
		{970A1CD9-C1D9-4A8D-99C4-C958A4C15591}.Debug|Any CPU.Build.0 = Debug|Any CPU
		{970A1CD9-C1D9-4A8D-99C4-C958A4C15591}.Debug|x64.ActiveCfg = Debug|Any CPU
		{970A1CD9-C1D9-4A8D-99C4-C958A4C15591}.Debug|x64.Build.0 = Debug|Any CPU
		{970A1CD9-C1D9-4A8D-99C4-C958A4C15591}.Debug|x86.ActiveCfg = Debug|Any CPU
		{970A1CD9-C1D9-4A8D-99C4-C958A4C15591}.Debug|x86.Build.0 = Debug|Any CPU
		{970A1CD9-C1D9-4A8D-99C4-C958A4C15591}.Release|Any CPU.ActiveCfg = Release|Any CPU
		{970A1CD9-C1D9-4A8D-99C4-C958A4C15591}.Release|Any CPU.Build.0 = Release|Any CPU
		{970A1CD9-C1D9-4A8D-99C4-C958A4C15591}.Release|x64.ActiveCfg = Release|Any CPU
		{970A1CD9-C1D9-4A8D-99C4-C958A4C15591}.Release|x64.Build.0 = Release|Any CPU
		{970A1CD9-C1D9-4A8D-99C4-C958A4C15591}.Release|x86.ActiveCfg = Release|Any CPU
		{970A1CD9-C1D9-4A8D-99C4-C958A4C15591}.Release|x86.Build.0 = Release|Any CPU
	EndGlobalSection
	GlobalSection(SolutionProperties) = preSolution
		HideSolutionNode = FALSE
	EndGlobalSection
	GlobalSection(ExtensibilityGlobals) = postSolution
		SolutionGuid = {4EE53631-CA03-4D29-A3A0-D17B4E57A175}
	EndGlobalSection
EndGlobal
