
Microsoft Visual Studio Solution File, Format Version 12.00
# Visual Studio Version 17
VisualStudioVersion = 17.9.34701.34
MinimumVisualStudioVersion = 10.0.40219.1
Project("{9A19103F-16F7-4668-BE54-9A1E7A4F7556}") = "HellaUnsafe", "HellaUnsafe\HellaUnsafe.csproj", "{F68054FD-7880-4817-9D34-943F36FD39D0}"
EndProject
Project("{9A19103F-16F7-4668-BE54-9A1E7A4F7556}") = "CSharpConsole", "CSharpConsole\CSharpConsole.csproj", "{6D09C00B-E1AF-4772-B6B9-5471ABBFC2FC}"
EndProject
Project("{FAE04EC0-301F-11D3-BF4B-00C04F79EFBC}") = "ParityTest", "ParityTest\ParityTest.csproj", "{75933023-1FC1-4A20-97DC-FE099DEA065C}"
EndProject
Global
	GlobalSection(SolutionConfigurationPlatforms) = preSolution
		Debug|Any CPU = Debug|Any CPU
		Debug|x64 = Debug|x64
		Debug|x86 = Debug|x86
		NailTest|Any CPU = NailTest|Any CPU
		NailTest|x64 = NailTest|x64
		NailTest|x86 = NailTest|x86
		Release|Any CPU = Release|Any CPU
		Release|x64 = Release|x64
		Release|x86 = Release|x86
	EndGlobalSection
	GlobalSection(ProjectConfigurationPlatforms) = postSolution
		{F68054FD-7880-4817-9D34-943F36FD39D0}.Debug|Any CPU.ActiveCfg = Debug|Any CPU
		{F68054FD-7880-4817-9D34-943F36FD39D0}.Debug|Any CPU.Build.0 = Debug|Any CPU
		{F68054FD-7880-4817-9D34-943F36FD39D0}.Debug|x64.ActiveCfg = Debug|Any CPU
		{F68054FD-7880-4817-9D34-943F36FD39D0}.Debug|x64.Build.0 = Debug|Any CPU
		{F68054FD-7880-4817-9D34-943F36FD39D0}.Debug|x86.ActiveCfg = Debug|Any CPU
		{F68054FD-7880-4817-9D34-943F36FD39D0}.Debug|x86.Build.0 = Debug|Any CPU
		{F68054FD-7880-4817-9D34-943F36FD39D0}.NailTest|Any CPU.ActiveCfg = NailTest|Any CPU
		{F68054FD-7880-4817-9D34-943F36FD39D0}.NailTest|Any CPU.Build.0 = NailTest|Any CPU
		{F68054FD-7880-4817-9D34-943F36FD39D0}.NailTest|x64.ActiveCfg = NailTest|Any CPU
		{F68054FD-7880-4817-9D34-943F36FD39D0}.NailTest|x64.Build.0 = NailTest|Any CPU
		{F68054FD-7880-4817-9D34-943F36FD39D0}.NailTest|x86.ActiveCfg = NailTest|Any CPU
		{F68054FD-7880-4817-9D34-943F36FD39D0}.NailTest|x86.Build.0 = NailTest|Any CPU
		{F68054FD-7880-4817-9D34-943F36FD39D0}.Release|Any CPU.ActiveCfg = Release|Any CPU
		{F68054FD-7880-4817-9D34-943F36FD39D0}.Release|Any CPU.Build.0 = Release|Any CPU
		{F68054FD-7880-4817-9D34-943F36FD39D0}.Release|x64.ActiveCfg = Release|Any CPU
		{F68054FD-7880-4817-9D34-943F36FD39D0}.Release|x64.Build.0 = Release|Any CPU
		{F68054FD-7880-4817-9D34-943F36FD39D0}.Release|x86.ActiveCfg = Release|Any CPU
		{F68054FD-7880-4817-9D34-943F36FD39D0}.Release|x86.Build.0 = Release|Any CPU
		{6D09C00B-E1AF-4772-B6B9-5471ABBFC2FC}.Debug|Any CPU.ActiveCfg = Debug|Any CPU
		{6D09C00B-E1AF-4772-B6B9-5471ABBFC2FC}.Debug|Any CPU.Build.0 = Debug|Any CPU
		{6D09C00B-E1AF-4772-B6B9-5471ABBFC2FC}.Debug|x64.ActiveCfg = Debug|Any CPU
		{6D09C00B-E1AF-4772-B6B9-5471ABBFC2FC}.Debug|x64.Build.0 = Debug|Any CPU
		{6D09C00B-E1AF-4772-B6B9-5471ABBFC2FC}.Debug|x86.ActiveCfg = Debug|Any CPU
		{6D09C00B-E1AF-4772-B6B9-5471ABBFC2FC}.Debug|x86.Build.0 = Debug|Any CPU
		{6D09C00B-E1AF-4772-B6B9-5471ABBFC2FC}.NailTest|Any CPU.ActiveCfg = NailTest|Any CPU
		{6D09C00B-E1AF-4772-B6B9-5471ABBFC2FC}.NailTest|Any CPU.Build.0 = NailTest|Any CPU
		{6D09C00B-E1AF-4772-B6B9-5471ABBFC2FC}.NailTest|x64.ActiveCfg = Release|Any CPU
		{6D09C00B-E1AF-4772-B6B9-5471ABBFC2FC}.NailTest|x64.Build.0 = Release|Any CPU
		{6D09C00B-E1AF-4772-B6B9-5471ABBFC2FC}.NailTest|x86.ActiveCfg = Release|Any CPU
		{6D09C00B-E1AF-4772-B6B9-5471ABBFC2FC}.NailTest|x86.Build.0 = Release|Any CPU
		{6D09C00B-E1AF-4772-B6B9-5471ABBFC2FC}.Release|Any CPU.ActiveCfg = Release|Any CPU
		{6D09C00B-E1AF-4772-B6B9-5471ABBFC2FC}.Release|Any CPU.Build.0 = Release|Any CPU
		{6D09C00B-E1AF-4772-B6B9-5471ABBFC2FC}.Release|x64.ActiveCfg = Release|Any CPU
		{6D09C00B-E1AF-4772-B6B9-5471ABBFC2FC}.Release|x64.Build.0 = Release|Any CPU
		{6D09C00B-E1AF-4772-B6B9-5471ABBFC2FC}.Release|x86.ActiveCfg = Release|Any CPU
		{6D09C00B-E1AF-4772-B6B9-5471ABBFC2FC}.Release|x86.Build.0 = Release|Any CPU
		{75933023-1FC1-4A20-97DC-FE099DEA065C}.Debug|Any CPU.ActiveCfg = Debug|Any CPU
		{75933023-1FC1-4A20-97DC-FE099DEA065C}.Debug|Any CPU.Build.0 = Debug|Any CPU
		{75933023-1FC1-4A20-97DC-FE099DEA065C}.Debug|x64.ActiveCfg = Debug|Any CPU
		{75933023-1FC1-4A20-97DC-FE099DEA065C}.Debug|x64.Build.0 = Debug|Any CPU
		{75933023-1FC1-4A20-97DC-FE099DEA065C}.Debug|x86.ActiveCfg = Debug|Any CPU
		{75933023-1FC1-4A20-97DC-FE099DEA065C}.Debug|x86.Build.0 = Debug|Any CPU
		{75933023-1FC1-4A20-97DC-FE099DEA065C}.NailTest|Any CPU.ActiveCfg = NailTest|Any CPU
		{75933023-1FC1-4A20-97DC-FE099DEA065C}.NailTest|Any CPU.Build.0 = NailTest|Any CPU
		{75933023-1FC1-4A20-97DC-FE099DEA065C}.NailTest|x64.ActiveCfg = Release|Any CPU
		{75933023-1FC1-4A20-97DC-FE099DEA065C}.NailTest|x64.Build.0 = Release|Any CPU
		{75933023-1FC1-4A20-97DC-FE099DEA065C}.NailTest|x86.ActiveCfg = Release|Any CPU
		{75933023-1FC1-4A20-97DC-FE099DEA065C}.NailTest|x86.Build.0 = Release|Any CPU
		{75933023-1FC1-4A20-97DC-FE099DEA065C}.Release|Any CPU.ActiveCfg = Release|Any CPU
		{75933023-1FC1-4A20-97DC-FE099DEA065C}.Release|Any CPU.Build.0 = Release|Any CPU
		{75933023-1FC1-4A20-97DC-FE099DEA065C}.Release|x64.ActiveCfg = Release|Any CPU
		{75933023-1FC1-4A20-97DC-FE099DEA065C}.Release|x64.Build.0 = Release|Any CPU
		{75933023-1FC1-4A20-97DC-FE099DEA065C}.Release|x86.ActiveCfg = Release|Any CPU
		{75933023-1FC1-4A20-97DC-FE099DEA065C}.Release|x86.Build.0 = Release|Any CPU
	EndGlobalSection
	GlobalSection(SolutionProperties) = preSolution
		HideSolutionNode = FALSE
	EndGlobalSection
	GlobalSection(ExtensibilityGlobals) = postSolution
		SolutionGuid = {18489E43-394A-4360-B077-58F5AB2761AF}
	EndGlobalSection
EndGlobal
